{
    "_readme": [
        "This file locks the dependencies of your project to a known state",
        "Read more about it at https://getcomposer.org/doc/01-basic-usage.md#composer-lock-the-lock-file",
        "This file is @generated automatically"
    ],
    "content-hash": "199d8d4799ceb7540ec9b96d54b9101a",
    "packages": [
        {
            "name": "forkiss/pharest",
            "version": "v0.1.1",
            "source": {
                "type": "git",
                "url": "https://github.com/forkiss/pharest.git",
                "reference": "801283d837a99f0446bffdabcf3bd805efe53171"
            },
            "dist": {
                "type": "zip",
                "url": "https://api.github.com/repos/forkiss/pharest/zipball/801283d837a99f0446bffdabcf3bd805efe53171",
                "reference": "801283d837a99f0446bffdabcf3bd805efe53171",
                "shasum": ""
            },
            "require": {
                "ext-phalcon": "^3.0",
                "php": "^7.0"
            },
            "type": "library",
            "autoload": {
                "psr-4": {
                    "Pharest\\": "src/Pharest/"
                }
            },
            "notification-url": "https://packagist.org/downloads/",
            "license": [
                "MIT"
            ],
            "authors": [
                {
                    "name": "Jay Riley"
                }
            ],
            "description": "pharest is a PHP library that base phalcon extension.",
            "keywords": [
                "phalcon",
                "pharest",
                "restful-api"
            ],
            "time": "2017-03-07T06:54:41+00:00"
        }
    ],
    "packages-dev": [
        {
            "name": "fzaninotto/faker",
            "version": "v1.6.0",
            "source": {
                "type": "git",
                "url": "https://github.com/fzaninotto/Faker.git",
                "reference": "44f9a286a04b80c76a4e5fb7aad8bb539b920123"
            },
            "dist": {
                "type": "zip",
                "url": "https://api.github.com/repos/fzaninotto/Faker/zipball/44f9a286a04b80c76a4e5fb7aad8bb539b920123",
                "reference": "44f9a286a04b80c76a4e5fb7aad8bb539b920123",
                "shasum": ""
            },
            "require": {
                "php": "^5.3.3|^7.0"
            },
            "require-dev": {
                "ext-intl": "*",
                "phpunit/phpunit": "~4.0",
                "squizlabs/php_codesniffer": "~1.5"
            },
            "type": "library",
            "extra": {
                "branch-alias": []
            },
            "autoload": {
                "psr-4": {
                    "Faker\\": "src/Faker/"
                }
            },
            "notification-url": "https://packagist.org/downloads/",
            "license": [
                "MIT"
            ],
            "authors": [
                {
                    "name": "François Zaninotto"
                }
            ],
            "description": "Faker is a PHP library that generates fake data for you.",
            "keywords": [
                "data",
                "faker",
                "fixtures"
            ],
            "time": "2016-04-29T12:21:54+00:00"
        }
    ],
    "aliases": [],
    "minimum-stability": "stable",
    "stability-flags": [],
    "prefer-stable": true,
    "prefer-lowest": false,
    "platform": {
        "php": ">=7.0.10",
        "ext-phalcon": ">=3.0.0"
    },
    "platform-dev": []
}
